<Project xmlns="http://schemas.microsoft.com/developer/msbuild/2003">
    <PropertyGroup>
        <ProjectGuid>{B00D3E23-0580-4FD2-A9F8-1AE33E33EEB7}</ProjectGuid>
        <ProjectVersion>14.6</ProjectVersion>
        <FrameworkType>VCL</FrameworkType>
        <MainSource>Testers.dpr</MainSource>
        <Base>True</Base>
        <Config Condition="'$(Config)'==''">INEJ_Debug</Config>
        <Platform Condition="'$(Platform)'==''">Win32</Platform>
        <TargetedPlatforms>1</TargetedPlatforms>
        <AppType>Application</AppType>
    </PropertyGroup>
    <PropertyGroup Condition="'$(Config)'=='Base' or '$(Base)'!=''">
        <Base>true</Base>
    </PropertyGroup>
    <PropertyGroup Condition="('$(Platform)'=='Win32' and '$(Base)'=='true') or '$(Base_Win32)'!=''">
        <Base_Win32>true</Base_Win32>
        <CfgParent>Base</CfgParent>
        <Base>true</Base>
    </PropertyGroup>
    <PropertyGroup Condition="('$(Platform)'=='Win64' and '$(Base)'=='true') or '$(Base_Win64)'!=''">
        <Base_Win64>true</Base_Win64>
        <CfgParent>Base</CfgParent>
        <Base>true</Base>
    </PropertyGroup>
    <PropertyGroup Condition="'$(Config)'=='INEJ_Debug' or '$(Cfg_1)'!=''">
        <Cfg_1>true</Cfg_1>
        <CfgParent>Base</CfgParent>
        <Base>true</Base>
    </PropertyGroup>
    <PropertyGroup Condition="('$(Platform)'=='Win32' and '$(Cfg_1)'=='true') or '$(Cfg_1_Win32)'!=''">
        <Cfg_1_Win32>true</Cfg_1_Win32>
        <CfgParent>Cfg_1</CfgParent>
        <Cfg_1>true</Cfg_1>
        <Base>true</Base>
    </PropertyGroup>
    <PropertyGroup Condition="'$(Config)'=='INEJ_Release' or '$(Cfg_2)'!=''">
        <Cfg_2>true</Cfg_2>
        <CfgParent>Base</CfgParent>
        <Base>true</Base>
    </PropertyGroup>
    <PropertyGroup Condition="('$(Platform)'=='Win32' and '$(Cfg_2)'=='true') or '$(Cfg_2_Win32)'!=''">
        <Cfg_2_Win32>true</Cfg_2_Win32>
        <CfgParent>Cfg_2</CfgParent>
        <Cfg_2>true</Cfg_2>
        <Base>true</Base>
    </PropertyGroup>
    <PropertyGroup Condition="'$(Config)'=='ISTINA_Debug' or '$(Cfg_3)'!=''">
        <Cfg_3>true</Cfg_3>
        <CfgParent>Base</CfgParent>
        <Base>true</Base>
    </PropertyGroup>
    <PropertyGroup Condition="('$(Platform)'=='Win32' and '$(Cfg_3)'=='true') or '$(Cfg_3_Win32)'!=''">
        <Cfg_3_Win32>true</Cfg_3_Win32>
        <CfgParent>Cfg_3</CfgParent>
        <Cfg_3>true</Cfg_3>
        <Base>true</Base>
    </PropertyGroup>
    <PropertyGroup Condition="'$(Config)'=='ISTINA_Release' or '$(Cfg_4)'!=''">
        <Cfg_4>true</Cfg_4>
        <CfgParent>Base</CfgParent>
        <Base>true</Base>
    </PropertyGroup>
    <PropertyGroup Condition="('$(Platform)'=='Win32' and '$(Cfg_4)'=='true') or '$(Cfg_4_Win32)'!=''">
        <Cfg_4_Win32>true</Cfg_4_Win32>
        <CfgParent>Cfg_4</CfgParent>
        <Cfg_4>true</Cfg_4>
        <Base>true</Base>
    </PropertyGroup>
    <PropertyGroup Condition="'$(Base)'!=''">
        <Icon_MainIcon>$(BDS)\bin\delphi_PROJECTICON.ico</Icon_MainIcon>
        <VerInfo_Locale>1049</VerInfo_Locale>
        <Manifest_File>None</Manifest_File>
        <VerInfo_Keys>CompanyName=;FileDescription=;FileVersion=1.0.0.0;InternalName=;LegalCopyright=;LegalTrademarks=;OriginalFilename=;ProductName=;ProductVersion=1.0.0.0;Comments=</VerInfo_Keys>
        <DCC_Namespace>System;Xml;Data;Datasnap;Web;Soap;Vcl;Vcl.Imaging;Vcl.Touch;Vcl.Samples;Vcl.Shell;$(DCC_Namespace)</DCC_Namespace>
        <DCC_DcuOutput>$(OUT)\DCU\$(Config)</DCC_DcuOutput>
        <DCC_ExeOutput>$(OUT)\BIN\$(Config)</DCC_ExeOutput>
        <DCC_E>false</DCC_E>
        <DCC_N>false</DCC_N>
        <DCC_S>false</DCC_S>
        <DCC_F>false</DCC_F>
        <DCC_K>false</DCC_K>
    </PropertyGroup>
    <PropertyGroup Condition="'$(Base_Win32)'!=''">
        <DCC_UsePackage>IndyIPClient;JvGlobus;vclZipForged18;JvMM;JvManagedThreads;nrcommd16;NxGridRun_dxe4;EhLibBDEDataDrivers180;DBXSqliteDriver;frxDB18;tmswizdXE4;fmx;JvDlgs;IndySystem;JvCrypt;TeeDB;frx18;EhLibDBXDataDrivers180;NxSheetRun_dxe4;inetdbbde;vclib;DBXInterBaseDriver;DataSnapClient;DataSnapCommon;DataSnapServer;JvNet;DataSnapProviderClient;JvDotNetCtrls;DBXSybaseASEDriver;BDaqOcx;DbxCommonDriver;vclimg;dclZipForged18;dbxcds;DatasnapConnectorsFreePascal;MetropolisUILiveTile;JvXPCtrls;vcldb;vcldsnap;paxcomp_xe4;DBXDb2Driver;DBXOracleDriver;CustomIPTransport;JvCore;vclribbon;dsnap;IndyIPServer;fmxase;vcl;IndyCore;IndyIPCommon;CloudService;DBXMSSQLDriver;FmxTeeUI;CodeSiteExpressPkg;JvAppFrm;JvDB;JvRuntimeDesign;inetdbxpress;webdsnap;JclDeveloperTools;JvDocking;adortl;JvWizards;NxCommonDsgn_dxe4;NxGridDsgn_dxe4;NxInspectorDsgn_dxe4;JvHMI;FIBPlus_XE4;bindcompfmx;tmsdXE4;JvBands;vcldbx;rtl;dbrtl;DbxClientDriver;bindcomp;inetdb;JvPluginSystem;Tee;JclContainers;EhLibIBXDataDrivers180;DBXOdbcDriver;JvCmp;JvSystem;xmlrtl;svnui;ibxpress;JvTimeFramework;JvControls;IndyProtocols;DBXMySQLDriver;frxe18;vclactnband;bindengine;soaprtl;bindcompdbx;FMXTee;TeeUI;bindcompvcl;JvStdCtrls;JvCustom;Jcl;vclie;JvJans;JvPageComps;JvPrintPreview;NxDBGridDsgn_dxe4;NxCollectionRun_dxe4;vcltouch;EhLib180;NxInspectorRun_dxe4;tmsexdXE4;NxCommonRun_dxe4;VclSmp;DBXInformixDriver;Intraweb;ZipMasterR;EhLibADODataDrivers180;DataSnapConnectors;NxCollectionDsgn_dxe4;dsnapcon;DBXFirebirdDriver;tmsxlsdXE4;inet;fmxobj;JclVcl;JvPascalInterpreter;NxDBGridRun_dxe4;vclx;svn;DBXSybaseASADriver;fmxdae;bdertl;dbexpress;DataSnapIndy10ServerTransport;EurekaLogCore;JvBDE;$(DCC_UsePackage)</DCC_UsePackage>
        <VerInfo_Locale>1033</VerInfo_Locale>
        <DCC_Namespace>Winapi;System.Win;Data.Win;Datasnap.Win;Web.Win;Soap.Win;Xml.Win;Bde;$(DCC_Namespace)</DCC_Namespace>
        <Manifest_File>$(BDS)\bin\default_app.manifest</Manifest_File>
        <VerInfo_IncludeVerInfo>true</VerInfo_IncludeVerInfo>
    </PropertyGroup>
    <PropertyGroup Condition="'$(Base_Win64)'!=''">
        <DCC_UsePackage>IndyIPClient;vclZipForged18;NxGridRun_dxe4;EhLibBDEDataDrivers180;DBXSqliteDriver;fmx;IndySystem;TeeDB;EhLibDBXDataDrivers180;NxSheetRun_dxe4;vclib;DBXInterBaseDriver;DataSnapClient;DataSnapCommon;DataSnapServer;DataSnapProviderClient;DBXSybaseASEDriver;DbxCommonDriver;vclimg;dbxcds;DatasnapConnectorsFreePascal;MetropolisUILiveTile;vcldb;vcldsnap;DBXDb2Driver;DBXOracleDriver;CustomIPTransport;vclribbon;dsnap;IndyIPServer;fmxase;vcl;IndyCore;IndyIPCommon;CloudService;DBXMSSQLDriver;FmxTeeUI;inetdbxpress;webdsnap;adortl;NxCommonDsgn_dxe4;NxGridDsgn_dxe4;NxInspectorDsgn_dxe4;FIBPlus_XE4;bindcompfmx;tmsdXE4;rtl;dbrtl;DbxClientDriver;bindcomp;inetdb;Tee;EhLibIBXDataDrivers180;DBXOdbcDriver;xmlrtl;ibxpress;IndyProtocols;DBXMySQLDriver;vclactnband;bindengine;soaprtl;bindcompdbx;FMXTee;TeeUI;bindcompvcl;vclie;NxDBGridDsgn_dxe4;NxCollectionRun_dxe4;vcltouch;EhLib180;NxInspectorRun_dxe4;tmsexdXE4;NxCommonRun_dxe4;VclSmp;DBXInformixDriver;Intraweb;ZipMasterR;EhLibADODataDrivers180;DataSnapConnectors;NxCollectionDsgn_dxe4;dsnapcon;DBXFirebirdDriver;tmsxlsdXE4;inet;fmxobj;NxDBGridRun_dxe4;vclx;DBXSybaseASADriver;fmxdae;dbexpress;DataSnapIndy10ServerTransport;$(DCC_UsePackage)</DCC_UsePackage>
    </PropertyGroup>
    <PropertyGroup Condition="'$(Cfg_1)'!=''">
        <Icon_MainIcon>RES\Inej.ico</Icon_MainIcon>
        <DCC_Define>DEBUG;INEJ;$(DCC_Define)</DCC_Define>
        <DCC_DebugDCUs>true</DCC_DebugDCUs>
        <DCC_Optimize>false</DCC_Optimize>
        <DCC_GenerateStackFrames>true</DCC_GenerateStackFrames>
        <DCC_DebugInfoInExe>true</DCC_DebugInfoInExe>
        <DCC_RemoteDebug>true</DCC_RemoteDebug>
    </PropertyGroup>
    <PropertyGroup Condition="'$(Cfg_1_Win32)'!=''">
        <Manifest_File>$(BDS)\bin\default_app.manifest</Manifest_File>
        <DCC_DebugDCUs>false</DCC_DebugDCUs>
        <VerInfo_Locale>1033</VerInfo_Locale>
        <VerInfo_IncludeVerInfo>true</VerInfo_IncludeVerInfo>
        <DCC_RemoteDebug>false</DCC_RemoteDebug>
    </PropertyGroup>
    <PropertyGroup Condition="'$(Cfg_2)'!=''">
        <Icon_MainIcon>RES\Inej.ico</Icon_MainIcon>
        <PostBuildEvent><![CDATA[copy /y $(OUTPUTPATH) INEJ.exe
erase $(OUTPUTPATH)
$(PostBuildEvent)]]></PostBuildEvent>
        <DCC_LocalDebugSymbols>false</DCC_LocalDebugSymbols>
        <DCC_Define>RELEASE;INEJ;$(DCC_Define)</DCC_Define>
        <DCC_SymbolReferenceInfo>0</DCC_SymbolReferenceInfo>
        <DCC_DebugInformation>false</DCC_DebugInformation>
    </PropertyGroup>
    <PropertyGroup Condition="'$(Cfg_2_Win32)'!=''">
        <PostBuildEvent><![CDATA[copy /y $(OUTPUTPATH) $(OUTPUTDIR)INEJ.exe
$(PostBuildEvent)]]></PostBuildEvent>
        <Manifest_File>$(BDS)\bin\default_app.manifest</Manifest_File>
        <VerInfo_IncludeVerInfo>true</VerInfo_IncludeVerInfo>
        <VerInfo_Locale>1033</VerInfo_Locale>
    </PropertyGroup>
    <PropertyGroup Condition="'$(Cfg_3)'!=''">
        <Icon_MainIcon>RES\Istina.ico</Icon_MainIcon>
        <DCC_Define>DEBUG;ISTINA;$(DCC_Define)</DCC_Define>
        <DCC_DebugDCUs>true</DCC_DebugDCUs>
        <DCC_Optimize>false</DCC_Optimize>
        <DCC_GenerateStackFrames>true</DCC_GenerateStackFrames>
        <DCC_DebugInfoInExe>true</DCC_DebugInfoInExe>
        <DCC_RemoteDebug>true</DCC_RemoteDebug>
    </PropertyGroup>
    <PropertyGroup Condition="'$(Cfg_3_Win32)'!=''">
        <VerInfo_Locale>1033</VerInfo_Locale>
        <VerInfo_IncludeVerInfo>true</VerInfo_IncludeVerInfo>
        <Manifest_File>$(BDS)\bin\default_app.manifest</Manifest_File>
    </PropertyGroup>
    <PropertyGroup Condition="'$(Cfg_4)'!=''">
        <Icon_MainIcon>RES\Istina.ico</Icon_MainIcon>
        <PostBuildEvent><![CDATA[copy /y $(OUTPUTPATH) ISTINA.exe
erase $(OUTPUTPATH)
$(PostBuildEvent)]]></PostBuildEvent>
        <DCC_LocalDebugSymbols>false</DCC_LocalDebugSymbols>
        <DCC_Define>RELEASE;ISTINA;$(DCC_Define)</DCC_Define>
        <DCC_SymbolReferenceInfo>0</DCC_SymbolReferenceInfo>
        <DCC_DebugInformation>false</DCC_DebugInformation>
    </PropertyGroup>
    <PropertyGroup Condition="'$(Cfg_4_Win32)'!=''">
        <VerInfo_Locale>1033</VerInfo_Locale>
        <PostBuildEvent><![CDATA[copy /y $(OUTPUTPATH) $(OUTPUTDIR)ISTINA.exe
$(PostBuildEvent)]]></PostBuildEvent>
        <Manifest_File>$(BDS)\bin\default_app.manifest</Manifest_File>
        <VerInfo_IncludeVerInfo>true</VerInfo_IncludeVerInfo>
    </PropertyGroup>
    <ItemGroup>
        <DelphiCompile Include="$(MainSource)">
            <MainSource>MainSource</MainSource>
        </DelphiCompile>
        <RcCompile Include="RES\Resource.rc">
            <Form>Resource.res</Form>
        </RcCompile>
        <RcCompile Include="SQL\SQLResources.rc">
            <Form>SQLResources.res</Form>
        </RcCompile>
        <DCCReference Include="uAbout.pas">
            <Form>fAbout</Form>
        </DCCReference>
        <DCCReference Include="uData.pas">
            <Form>MainData</Form>
            <DesignClass>TDataModule</DesignClass>
        </DCCReference>
        <DCCReference Include="uDBData.pas">
            <Form>DBData</Form>
            <DesignClass>TDataModule</DesignClass>
        </DCCReference>
        <DCCReference Include="uMain.pas">
            <Form>fMain</Form>
        </DCCReference>
        <DCCReference Include="uWPDialog.pas">
            <Form>fWPDialog</Form>
        </DCCReference>
        <DCCReference Include="fLogin.pas">
            <Form>frmLogin</Form>
        </DCCReference>
        <DCCReference Include="..\Testers\TESTER_BASE.pas"/>
        <DCCReference Include="..\Testers\Inej\TESTER_INEJ.pas"/>
        <DCCReference Include="..\Testers\Inej\TESTER_INEJ_GLOBAL.pas"/>
        <DCCReference Include="..\Testers\Inej\TESTER_INEJ_IO.pas"/>
        <DCCReference Include="..\Testers\Istina\TESTER_ISTINA.pas"/>
        <DCCReference Include="..\Testers\Istina\TESTER_ISTINA_GLOBAL.pas"/>
        <DCCReference Include="..\Testers\Istina\TESTER_ISTINA_IO.pas"/>
        <DCCReference Include="..\Testers\Istina\TESTER_ISTINA_REG.pas"/>
        <DCCReference Include="..\Testers\Istina\uTestConditions.pas"/>
        <DCCReference Include="..\Testers\Inej\Import\IMPORT_Inej.pas"/>
        <DCCReference Include="..\Testers\Inej\Import\IMP_TESTER_INEJ.pas"/>
        <DCCReference Include="..\Testers\Inej\Import\IMP_TESTER_INEJ_GLOBAL.pas"/>
        <DCCReference Include="..\Testers\Istina\Import\IMPORT_Istina.pas"/>
        <DCCReference Include="..\Testers\Istina\Import\IMP_TESTER_ISTINA.pas"/>
        <DCCReference Include="..\Testers\Istina\Import\IMP_TESTER_ISTINA_GLOBAL.pas"/>
        <BuildConfiguration Include="INEJ_Release">
            <Key>Cfg_2</Key>
            <CfgParent>Base</CfgParent>
        </BuildConfiguration>
        <BuildConfiguration Include="ISTINA_Release">
            <Key>Cfg_4</Key>
            <CfgParent>Base</CfgParent>
        </BuildConfiguration>
        <BuildConfiguration Include="ISTINA_Debug">
            <Key>Cfg_3</Key>
            <CfgParent>Base</CfgParent>
        </BuildConfiguration>
        <BuildConfiguration Include="Base">
            <Key>Base</Key>
        </BuildConfiguration>
        <BuildConfiguration Include="INEJ_Debug">
            <Key>Cfg_1</Key>
            <CfgParent>Base</CfgParent>
        </BuildConfiguration>
    </ItemGroup>
    <ProjectExtensions>
        <Borland.Personality>Delphi.Personality.12</Borland.Personality>
        <Borland.ProjectType/>
        <BorlandProject>
            <Delphi.Personality>
                <VersionInfo>
                    <VersionInfo Name="IncludeVerInfo">False</VersionInfo>
                    <VersionInfo Name="AutoIncBuild">False</VersionInfo>
                    <VersionInfo Name="MajorVer">1</VersionInfo>
                    <VersionInfo Name="MinorVer">0</VersionInfo>
                    <VersionInfo Name="Release">0</VersionInfo>
                    <VersionInfo Name="Build">0</VersionInfo>
                    <VersionInfo Name="Debug">False</VersionInfo>
                    <VersionInfo Name="PreRelease">False</VersionInfo>
                    <VersionInfo Name="Special">False</VersionInfo>
                    <VersionInfo Name="Private">False</VersionInfo>
                    <VersionInfo Name="DLL">False</VersionInfo>
                    <VersionInfo Name="Locale">1049</VersionInfo>
                    <VersionInfo Name="CodePage">1251</VersionInfo>
                </VersionInfo>
                <VersionInfoKeys>
                    <VersionInfoKeys Name="CompanyName"/>
                    <VersionInfoKeys Name="FileDescription"/>
                    <VersionInfoKeys Name="FileVersion">1.0.0.0</VersionInfoKeys>
                    <VersionInfoKeys Name="InternalName"/>
                    <VersionInfoKeys Name="LegalCopyright"/>
                    <VersionInfoKeys Name="LegalTrademarks"/>
                    <VersionInfoKeys Name="OriginalFilename"/>
                    <VersionInfoKeys Name="ProductName"/>
                    <VersionInfoKeys Name="ProductVersion">1.0.0.0</VersionInfoKeys>
                    <VersionInfoKeys Name="Comments"/>
                    <VersionInfoKeys Name="CFBundleName"/>
                    <VersionInfoKeys Name="CFBundleDisplayName"/>
                    <VersionInfoKeys Name="UIDeviceFamily"/>
                    <VersionInfoKeys Name="CFBundleIdentifier"/>
                    <VersionInfoKeys Name="CFBundleVersion"/>
                    <VersionInfoKeys Name="CFBundlePackageType"/>
                    <VersionInfoKeys Name="CFBundleSignature"/>
                    <VersionInfoKeys Name="CFBundleAllowMixedLocalizations"/>
                    <VersionInfoKeys Name="UISupportedInterfaceOrientations"/>
                    <VersionInfoKeys Name="CFBundleExecutable"/>
                    <VersionInfoKeys Name="CFBundleResourceSpecification"/>
                    <VersionInfoKeys Name="LSRequiresIPhoneOS"/>
                    <VersionInfoKeys Name="CFBundleInfoDictionaryVersion"/>
                    <VersionInfoKeys Name="CFBundleDevelopmentRegion"/>
                </VersionInfoKeys>
                <Source>
                    <Source Name="MainSource">Testers.dpr</Source>
                </Source>
                <Excluded_Packages>
                    <Excluded_Packages Name="$(BDSBIN)\dcloffice2k180.bpl">Microsoft Office 2000 Sample Automation Server Wrapper Components</Excluded_Packages>
                    <Excluded_Packages Name="$(BDSBIN)\dclofficexp180.bpl">Microsoft Office XP Sample Automation Server Wrapper Components</Excluded_Packages>
                </Excluded_Packages>
            </Delphi.Personality>
            <Deployment/>
            <Platforms>
                <Platform value="Win32">True</Platform>
                <Platform value="Win64">False</Platform>
            </Platforms>
            <ModelSupport>False</ModelSupport>
        </BorlandProject>
        <ProjectFileVersion>12</ProjectFileVersion>
    </ProjectExtensions>
    <Import Project="$(BDS)\Bin\CodeGear.Delphi.Targets" Condition="Exists('$(BDS)\Bin\CodeGear.Delphi.Targets')"/>
    <Import Project="$(APPDATA)\Embarcadero\$(BDSAPPDATABASEDIR)\$(PRODUCTVERSION)\UserTools.proj" Condition="Exists('$(APPDATA)\Embarcadero\$(BDSAPPDATABASEDIR)\$(PRODUCTVERSION)\UserTools.proj')"/>
    <PropertyGroup Condition="'$(Config)'=='INEJ_Release' And '$(Platform)'=='Win32'">
        <PreBuildEvent/>
        <PreBuildEventIgnoreExitCode>False</PreBuildEventIgnoreExitCode>
        <PreLinkEvent/>
        <PreLinkEventIgnoreExitCode>False</PreLinkEventIgnoreExitCode>
        <PostBuildEvent>copy /y $(OUTPUTPATH) $(OUTPUTDIR)INEJ.exe
&amp;&amp;copy /y $(OUTPUTPATH) INEJ.exe
&amp;&amp;erase $(OUTPUTPATH)
</PostBuildEvent>
        <PostBuildEventIgnoreExitCode>False</PostBuildEventIgnoreExitCode>
    </PropertyGroup>
    <PropertyGroup Condition="'$(Config)'=='INEJ_Release' And '$(Platform)'=='Win64'">
        <PreBuildEvent/>
        <PreBuildEventIgnoreExitCode>False</PreBuildEventIgnoreExitCode>
        <PreLinkEvent/>
        <PreLinkEventIgnoreExitCode>False</PreLinkEventIgnoreExitCode>
        <PostBuildEvent>copy /y $(OUTPUTPATH) INEJ.exe
&amp;&amp;erase $(OUTPUTPATH)
</PostBuildEvent>
        <PostBuildEventIgnoreExitCode>False</PostBuildEventIgnoreExitCode>
    </PropertyGroup>
    <PropertyGroup Condition="'$(Config)'=='ISTINA_Release' And '$(Platform)'=='Win32'">
        <PreBuildEvent/>
        <PreBuildEventIgnoreExitCode>False</PreBuildEventIgnoreExitCode>
        <PreLinkEvent/>
        <PreLinkEventIgnoreExitCode>False</PreLinkEventIgnoreExitCode>
        <PostBuildEvent>copy /y $(OUTPUTPATH) $(OUTPUTDIR)ISTINA.exe
&amp;&amp;copy /y $(OUTPUTPATH) ISTINA.exe
&amp;&amp;erase $(OUTPUTPATH)
</PostBuildEvent>
        <PostBuildEventIgnoreExitCode>False</PostBuildEventIgnoreExitCode>
    </PropertyGroup>
    <PropertyGroup Condition="'$(Config)'=='ISTINA_Release' And '$(Platform)'=='Win64'">
        <PreBuildEvent/>
        <PreBuildEventIgnoreExitCode>False</PreBuildEventIgnoreExitCode>
        <PreLinkEvent/>
        <PreLinkEventIgnoreExitCode>False</PreLinkEventIgnoreExitCode>
        <PostBuildEvent>copy /y $(OUTPUTPATH) ISTINA.exe
&amp;&amp;erase $(OUTPUTPATH)
</PostBuildEvent>
        <PostBuildEventIgnoreExitCode>False</PostBuildEventIgnoreExitCode>
    </PropertyGroup>
</Project>

<!-- EurekaLog First Line
[Exception Log]
EurekaLog Version=7007
Activate=0
DeleteMapAfterCompile=1
Encrypt Password=""
EurekaLog Last Line -->
